
Microsoft Visual Studio Solution File, Format Version 12.00
# Visual Studio Version 17
VisualStudioVersion = 17.2.32516.85
MinimumVisualStudioVersion = 10.0.40219.1
Project("{FAE04EC0-301F-11D3-BF4B-00C04F79EFBC}") = "LapBigSchool-NguyenAnhTuan", "LapBigSchool-NguyenAnhTuan\LapBigSchool-NguyenAnhTuan.csproj", "{8A351DB5-825D-4F48-892B-4DB3ACF53D11}"
EndProject
Global
	GlobalSection(SolutionConfigurationPlatforms) = preSolution
		Debug|Any CPU = Debug|Any CPU
		Release|Any CPU = Release|Any CPU
	EndGlobalSection
	GlobalSection(ProjectConfigurationPlatforms) = postSolution
		{8A351DB5-825D-4F48-892B-4DB3ACF53D11}.Debug|Any CPU.ActiveCfg = Debug|Any CPU
		{8A351DB5-825D-4F48-892B-4DB3ACF53D11}.Debug|Any CPU.Build.0 = Debug|Any CPU
		{8A351DB5-825D-4F48-892B-4DB3ACF53D11}.Release|Any CPU.ActiveCfg = Release|Any CPU
		{8A351DB5-825D-4F48-892B-4DB3ACF53D11}.Release|Any CPU.Build.0 = Release|Any CPU
	EndGlobalSection
	GlobalSection(SolutionProperties) = preSolution
		HideSolutionNode = FALSE
	EndGlobalSection
	GlobalSection(ExtensibilityGlobals) = postSolution
		SolutionGuid = {38CFA2F7-3378-453A-998C-FF3C88863DB1}
	EndGlobalSection
EndGlobal
